
Microsoft Visual Studio Solution File, Format Version 12.00
# Visual Studio Version 17
VisualStudioVersion = 17.9.34723.18
MinimumVisualStudioVersion = 10.0.40219.1
Project("{FAE04EC0-301F-11D3-BF4B-00C04F79EFBC}") = "PremierProgramme", "PremierProgramme\PremierProgramme.csproj", "{18CF7783-65C4-41C4-BE03-1A46B6E937DD}"
EndProject
Global
	GlobalSection(SolutionConfigurationPlatforms) = preSolution
		Debug|Any CPU = Debug|Any CPU
		Release|Any CPU = Release|Any CPU
	EndGlobalSection
	GlobalSection(ProjectConfigurationPlatforms) = postSolution
		{18CF7783-65C4-41C4-BE03-1A46B6E937DD}.Debug|Any CPU.ActiveCfg = Debug|Any CPU
		{18CF7783-65C4-41C4-BE03-1A46B6E937DD}.Debug|Any CPU.Build.0 = Debug|Any CPU
		{18CF7783-65C4-41C4-BE03-1A46B6E937DD}.Release|Any CPU.ActiveCfg = Release|Any CPU
		{18CF7783-65C4-41C4-BE03-1A46B6E937DD}.Release|Any CPU.Build.0 = Release|Any CPU
	EndGlobalSection
	GlobalSection(SolutionProperties) = preSolution
		HideSolutionNode = FALSE
	EndGlobalSection
	GlobalSection(ExtensibilityGlobals) = postSolution
		SolutionGuid = {0D4C72F5-ECDC-468A-B3B9-694C8A6F28FE}
	EndGlobalSection
EndGlobal
